{
  "format_version": "0.2",
  "terraform_version": "1.0.11",
  "planned_values": {
    "root_module": {
      "resources": [
        {
          "address": "aws_s3_bucket.cloudfront_access_logs",
          "mode": "managed",
          "type": "aws_s3_bucket",
          "name": "cloudfront_access_logs",
          "provider_name": "registry.terraform.io/hashicorp/aws",
          "schema_version": 0,
          "values": {
            "acl": "public-read-write",
            "bucket": "cloudfront-access-logs-721958991317",
            "bucket_prefix": null,
            "cors_rule": [],
            "force_destroy": false,
            "grant": [],
            "lifecycle_rule": [],
            "logging": [],
            "object_lock_configuration": [],
            "policy": null,
            "replication_configuration": [],
            "server_side_encryption_configuration": [
              {
                "rule": [
                  {
                    "apply_server_side_encryption_by_default": [
                      {
                        "kms_master_key_id": null,
                        "sse_algorithm": "AES256"
                      }
                    ],
                    "bucket_key_enabled": null
                  }
                ]
              }
            ],
            "tags": null,
            "website": []
          },
          "sensitive_values": {
            "cors_rule": [],
            "grant": [],
            "lifecycle_rule": [],
            "logging": [],
            "object_lock_configuration": [],
            "replication_configuration": [],
            "server_side_encryption_configuration": [
              {
                "rule": [
                  {
                    "apply_server_side_encryption_by_default": [
                      {}
                    ]
                  }
                ]
              }
            ],
            "tags_all": {},
            "versioning": [],
            "website": []
          }
        }
      ]
    }
  },
  "resource_changes": [
    {
      "address": "aws_s3_bucket.cloudfront_access_logs",
      "mode": "managed",
      "type": "aws_s3_bucket",
      "name": "cloudfront_access_logs",
      "provider_name": "registry.terraform.io/hashicorp/aws",
      "change": {
        "actions": [
          "create"
        ],
        "before": null,
        "after": {
          "acl": "public-read-write",
          "bucket": "cloudfront-access-logs-721958991317",
          "bucket_prefix": null,
          "cors_rule": [],
          "force_destroy": false,
          "grant": [],
          "lifecycle_rule": [],
          "logging": [],
          "object_lock_configuration": [],
          "policy": null,
          "replication_configuration": [],
          "server_side_encryption_configuration": [
            {
              "rule": [
                {
                  "apply_server_side_encryption_by_default": [
                    {
                      "kms_master_key_id": null,
                      "sse_algorithm": "AES256"
                    }
                  ],
                  "bucket_key_enabled": null
                }
              ]
            }
          ],
          "tags": null,
          "website": []
        },
        "after_unknown": {
          "acceleration_status": true,
          "arn": true,
          "bucket_domain_name": true,
          "bucket_regional_domain_name": true,
          "cors_rule": [],
          "grant": [],
          "hosted_zone_id": true,
          "id": true,
          "lifecycle_rule": [],
          "logging": [],
          "object_lock_configuration": [],
          "region": true,
          "replication_configuration": [],
          "request_payer": true,
          "server_side_encryption_configuration": [
            {
              "rule": [
                {
                  "apply_server_side_encryption_by_default": [
                    {}
                  ]
                }
              ]
            }
          ],
          "tags_all": true,
          "versioning": true,
          "website": [],
          "website_domain": true,
          "website_endpoint": true
        },
        "before_sensitive": false,
        "after_sensitive": {
          "cors_rule": [],
          "grant": [],
          "lifecycle_rule": [],
          "logging": [],
          "object_lock_configuration": [],
          "replication_configuration": [],
          "server_side_encryption_configuration": [
            {
              "rule": [
                {
                  "apply_server_side_encryption_by_default": [
                    {}
                  ]
                }
              ]
            }
          ],
          "tags_all": {},
          "versioning": [],
          "website": []
        }
      }
    }
  ],
  "prior_state": {
    "format_version": "0.2",
    "terraform_version": "1.0.11",
    "values": {
      "root_module": {
        "resources": [
          {
            "address": "data.aws_caller_identity.current",
            "mode": "data",
            "type": "aws_caller_identity",
            "name": "current",
            "provider_name": "registry.terraform.io/hashicorp/aws",
            "schema_version": 0,
            "values": {
              "account_id": "721958991317",
              "arn": "arn:aws:sts::721958991317:assumed-role/ADFS-ADMIN/arahimifarzin",
              "id": "721958991317",
              "user_id": "AROA2QGA36XKQ44UK526I:arahimifarzin"
            },
            "sensitive_values": {}
          }
        ]
      }
    }
  },
  "configuration": {
    "provider_config": {
      "aws": {
        "name": "aws",
        "version_constraint": "~\u003e 3.0",
        "expressions": {
          "region": {
            "constant_value": "us-east-1"
          }
        }
      }
    },
    "root_module": {
      "resources": [
        {
          "address": "aws_s3_bucket.cloudfront_access_logs",
          "mode": "managed",
          "type": "aws_s3_bucket",
          "name": "cloudfront_access_logs",
          "provider_config_key": "aws",
          "expressions": {
            "acl": {
              "constant_value": "public-read-write"
            },
            "bucket": {
              "references": [
                "data.aws_caller_identity.current.account_id",
                "data.aws_caller_identity.current"
              ]
            },
            "server_side_encryption_configuration": [
              {
                "rule": [
                  {
                    "apply_server_side_encryption_by_default": [
                      {
                        "sse_algorithm": {
                          "constant_value": "AES256"
                        }
                      }
                    ]
                  }
                ]
              }
            ]
          },
          "schema_version": 0
        },
        {
          "address": "data.aws_caller_identity.current",
          "mode": "data",
          "type": "aws_caller_identity",
          "name": "current",
          "provider_config_key": "aws",
          "schema_version": 0
        }
      ]
    }
  }
}
